
Microsoft Visual Studio Solution File, Format Version 12.00
# Visual Studio Version 17
VisualStudioVersion = 17.14.36221.1 d17.14
MinimumVisualStudioVersion = 10.0.40219.1
Project("{FAE04EC0-301F-11D3-BF4B-00C04F79EFBC}") = "Lab4", "Lab4.csproj", "{0F245EBC-4749-481D-BD6A-C633B89EFC99}"
EndProject
Global
	GlobalSection(SolutionConfigurationPlatforms) = preSolution
		Debug|Any CPU = Debug|Any CPU
		Release|Any CPU = Release|Any CPU
	EndGlobalSection
	GlobalSection(ProjectConfigurationPlatforms) = postSolution
		{0F245EBC-4749-481D-BD6A-C633B89EFC99}.Debug|Any CPU.ActiveCfg = Debug|Any CPU
		{0F245EBC-4749-481D-BD6A-C633B89EFC99}.Debug|Any CPU.Build.0 = Debug|Any CPU
		{0F245EBC-4749-481D-BD6A-C633B89EFC99}.Release|Any CPU.ActiveCfg = Release|Any CPU
		{0F245EBC-4749-481D-BD6A-C633B89EFC99}.Release|Any CPU.Build.0 = Release|Any CPU
	EndGlobalSection
	GlobalSection(SolutionProperties) = preSolution
		HideSolutionNode = FALSE
	EndGlobalSection
	GlobalSection(ExtensibilityGlobals) = postSolution
		SolutionGuid = {08B8EF08-7AFF-46CF-9D07-6E7DD6214AA2}
	EndGlobalSection
EndGlobal
